{
  "requires": true,
  "lockfileVersion": 1,
  "dependencies": {
    "@ngrx/data": {
      "version": "8.6.0",
      "resolved": "https://registry.npmjs.org/@ngrx/data/-/data-8.6.0.tgz",
      "integrity": "sha512-6rsuqeEJHgfLmN86D5ZDZtyXgZU3OBG39epwiDBgIBZMyIQB8opvKgpmuPvFgAylKUCHRctjTdVNsq8hizI/rg=="
    },
    "@ngrx/effects": {
      "version": "8.6.0",
      "resolved": "https://registry.npmjs.org/@ngrx/effects/-/effects-8.6.0.tgz",
      "integrity": "sha512-JdyJLQbv/wnE0ZPY9DcDOtF9PzJuzsKWmIWgIGunHF18wdjk5O8Zpkcrxq18wDRL6geg5UTtNJRMvTQhpDbzow=="
    },
    "@ngrx/entity": {
      "version": "8.6.0",
      "resolved": "https://registry.npmjs.org/@ngrx/entity/-/entity-8.6.0.tgz",
      "integrity": "sha512-Qq+ANgsHd2/i7gam1j05hxA8kPWQyf5ewtCLlbtMJI/qLmvA6ruSE8PYNNwrt90wm4BWdks2zKE5ERzvPzto0w=="
    },
    "@ngrx/router-store": {
      "version": "8.6.0",
      "resolved": "https://registry.npmjs.org/@ngrx/router-store/-/router-store-8.6.0.tgz",
      "integrity": "sha512-4Dvl6dfOj15lNZ63wucRNcTEHUi0hEqapOBVRslfAsnaSRo2t1lOvfX7b68IbxPiqzabTBdIeEkJwAC2q/rZZg=="
    },
    "@ngrx/schematics": {
      "version": "8.6.0",
      "resolved": "https://registry.npmjs.org/@ngrx/schematics/-/schematics-8.6.0.tgz",
      "integrity": "sha512-d28FVsLWFJYxpMFnqzWvdbFSSPNlLUIezd0c4zlyf4CyNS/C8aw6Lio9xjOJHhgZuHvFuO9GwRrYV/GaS6wC7A==",
      "dev": true
    },
    "@ngrx/store": {
      "version": "8.6.0",
      "resolved": "https://registry.npmjs.org/@ngrx/store/-/store-8.6.0.tgz",
      "integrity": "sha512-K4cvCEa+5hw9qrETQWO+Cha3YbVCAT8yaIKJr/N35KntTL9mQMjoL+51JWLZfBwPV0e19CFgJIyrBnVUTxwr2A=="
    },
    "@ngrx/store-devtools": {
      "version": "8.6.0",
      "resolved": "https://registry.npmjs.org/@ngrx/store-devtools/-/store-devtools-8.6.0.tgz",
      "integrity": "sha512-PWZmiOZE0J56GFfZpuzKLb7w0K2c6OXZSp/eWDeAvtdHFD4/Nas1i4TXtiWWMWWnSZeNs0hNIg4nFJXi2EddJQ=="
    }
  }
}
